version = 1
revision = 3
requires-python = ">=3.12"

[[package]]
name = "basedpyright"
version = "1.39.10"
source = { registry = "https://pypi.org/simple" }
dependencies = [
    { name = "nodejs-wheel-binaries" },
]
sdist = { url = "https://files.pythonhosted.org/packages/68/43/ad2999f3b09eb2b1e59931d88fac0f7bcc9c17fc18c903268779bd10cc97/basedpyright-1.39.10.tar.gz", hash = "sha256:c8eaf5302f3265e275c7df4fba194d7afa7c1cb53fbfd448e90098360aca2c2e", size = 24740347, upload-time = "2026-08-13T17:09:02.51Z" }
wheels = [
    { url = "https://files.pythonhosted.org/packages/be/2a/a224054d75a58786c482f63b8ff2a09fc3362268bd1ebd0a61fb3f982153/basedpyright-1.39.10-py3-none-any.whl", hash = "sha256:cbd75d83c0be841329bcfef2d2f1182f152a6d975b8eb199e75cf5b8e9a3de78", size = 13482322, upload-time = "2026-08-13T17:08:59.074Z" },
]

[[package]]
name = "nodejs-wheel-binaries"
version = "24.16.0"
source = { registry = "https://pypi.org/simple" }
sdist = { url = "https://files.pythonhosted.org/packages/a3/22/2a5beb4e21417c73233d9f65cf6f3e96e891b80d2f550a8f630ebc6b88c6/nodejs_wheel_binaries-24.16.0.tar.gz", hash = "sha256:c973cb69dc5fd16e6f6dc6e579e2c3d5534e2a1f57619dddf5ba070efa7dde37", size = 8056, upload-time = "2026-05-30T16:52:09.807Z" }
wheels = [
    { url = "https://files.pythonhosted.org/packages/83/d1/68b43b53cd0fa83ae6fd406705023ca988d9e0ca41c724d82e66fbeb2ef6/nodejs_wheel_binaries-24.16.0-py2.py3-none-macosx_13_0_arm64.whl", hash = "sha256:d9f8f677dcf30e37ac244f07869726abe043f01eb0f45722b1df31cc2af7093c", size = 55666374, upload-time = "2026-05-30T16:51:39.588Z" },
    { url = "https://files.pythonhosted.org/packages/e9/b2/40a989159599080da485de966c4c2d207e852ac7aa7864702626d96c8bf5/nodejs_wheel_binaries-24.16.0-py2.py3-none-macosx_13_0_x86_64.whl", hash = "sha256:3d0370fe7120ce9697a4f60d40480d2bd8808d9f30131458d5afc0040d4e5a51", size = 55838487, upload-time = "2026-05-30T16:51:43.383Z" },
    { url = "https://files.pythonhosted.org/packages/d7/a7/cd42174fb5ff6faff7fa8d326a18914d8f232098ab5de055b57c16fa13ca/nodejs_wheel_binaries-24.16.0-py2.py3-none-manylinux_2_28_aarch64.whl", hash = "sha256:85dc92bbb79c851569c5925dcc2a4c915a034efab375f99e4e7e6bbe9cca8342", size = 60179540, upload-time = "2026-05-30T16:51:47.036Z" },
    { url = "https://files.pythonhosted.org/packages/2b/95/c8a1f9ae140aa28df8744d984d01d4b3af7cdd6555af12127f40ceb45a7d/nodejs_wheel_binaries-24.16.0-py2.py3-none-manylinux_2_28_x86_64.whl", hash = "sha256:2f3036292811514ba847b3708492644764f88a833ac425c5f55007014308ddfd", size = 60716262, upload-time = "2026-05-30T16:51:50.711Z" },
    { url = "https://files.pythonhosted.org/packages/64/c9/7c35b3737f59e36d0249c265397b7bff570519b95301d6e16ea361e904ad/nodejs_wheel_binaries-24.16.0-py2.py3-none-musllinux_1_2_aarch64.whl", hash = "sha256:db8a8a76ebd2b28ecbfc9ad464baa3707241b9e050a30e2efdf6f60c0f886502", size = 62230592, upload-time = "2026-05-30T16:51:55Z" },
    { url = "https://files.pythonhosted.org/packages/04/96/d931255cf9d11a84d6b54d882dba7434646467d568ccf070ea3418638df3/nodejs_wheel_binaries-24.16.0-py2.py3-none-musllinux_1_2_x86_64.whl", hash = "sha256:f1a3d8f7b4491cbbd023ba3fc4e901fcca2d9fb80d57f24ba3890de8b1dbac03", size = 62841759, upload-time = "2026-05-30T16:51:59.407Z" },
    { url = "https://files.pythonhosted.org/packages/a2/7b/8b7a3f41bc255411be30b6d7d288aab8ffd9ea2055db8555ced3548007b9/nodejs_wheel_binaries-24.16.0-py2.py3-none-win_amd64.whl", hash = "sha256:bb136be9944f0662dcf1120f45193a6b75b13fac378971a95cc42c9f879a81aa", size = 42027734, upload-time = "2026-05-30T16:52:03.348Z" },
    { url = "https://files.pythonhosted.org/packages/17/66/1ed71f1f529b8ca727d42c7ceb9db0bef145ce4a13dfc86fb50aa44f3be6/nodejs_wheel_binaries-24.16.0-py2.py3-none-win_arm64.whl", hash = "sha256:8308940b5edd0a50dc5267ea36ba21c9f668e83fe0d9f293937174d3a7e31c36", size = 39714528, upload-time = "2026-05-30T16:52:06.421Z" },
]

[[package]]
name = "pymupdf"
version = "1.28.2"
source = { registry = "https://pypi.org/simple" }
sdist = { url = "https://files.pythonhosted.org/packages/a3/fb/b6761fa2d5266f2cdb24c3b91f4023070ab7848381417678e7a289a1d52a/pymupdf-1.28.2.tar.gz", hash = "sha256:5e0be7908a715aa20333caddd73f1d6f01e4cd0c26e869fa2dd0b7f344da2249", size = 87903557, upload-time = "2026-08-06T21:43:23.321Z" }
wheels = [
    { url = "https://files.pythonhosted.org/packages/b4/51/550c9a75c4ff3245cb4ecb7bb95cbe2ab7374230b8e2b7a1f7259444150b/pymupdf-1.28.2-cp310-abi3-macosx_10_15_x86_64.whl", hash = "sha256:5fc315b425ff1f7afdd1ea2f348205cb19b806767daae7ce4d64115799c2bae1", size = 24645079, upload-time = "2026-08-06T21:37:25.001Z" },
    { url = "https://files.pythonhosted.org/packages/fa/01/3591f781b417b382a8487a2356e927acfe858b1043bab0ec47f6805bb109/pymupdf-1.28.2-cp310-abi3-macosx_11_0_arm64.whl", hash = "sha256:7113846b35dbf0a033f088e4f4fb543dabeb4b0b12c112966a1ca1ee2d5eacae", size = 23875605, upload-time = "2026-08-06T21:37:40.369Z" },
    { url = "https://files.pythonhosted.org/packages/d2/86/4a68f080b71b46802178346af46486e1697508e760855ff5f3b218a6dff7/pymupdf-1.28.2-cp310-abi3-manylinux_2_28_aarch64.whl", hash = "sha256:3050a233dde1211efe89ada74e2add6238436434159f46097a1423aad2842545", size = 25095554, upload-time = "2026-08-06T21:37:58.485Z" },
    { url = "https://files.pythonhosted.org/packages/c7/06/dace3e27af26690cb20bead80dbac42941b0841eb689b8aabbd67dde16f0/pymupdf-1.28.2-cp310-abi3-manylinux_2_28_x86_64.whl", hash = "sha256:397d6715c1f0df7548a92d0afd8ce370fc48fa47aeefac16be2bc04a16a8227f", size = 25762500, upload-time = "2026-08-06T21:38:17.438Z" },
    { url = "https://files.pythonhosted.org/packages/e5/61/4146dfa1d8172a1ce8d59f0eed94896ddefb8deb2274534d0522fbb8abf5/pymupdf-1.28.2-cp310-abi3-musllinux_1_2_x86_64.whl", hash = "sha256:f89fb2d86d07d643a269f17a093105057e20c79c1d06c103b53600067b6d2b01", size = 25986309, upload-time = "2026-08-06T21:38:35.472Z" },
    { url = "https://files.pythonhosted.org/packages/52/60/1fb6e64676f7500ebe89054b9e5bbbe14d3101c92d5f1a40ac9a35227673/pymupdf-1.28.2-cp310-abi3-win32.whl", hash = "sha256:530ef543a3885b3b81cb72a854e7c5a625a9233201221132bb6c31698c6a2bdb", size = 18525353, upload-time = "2026-08-06T21:38:47.697Z" },
    { url = "https://files.pythonhosted.org/packages/4a/61/d563bbccba262f9dd6d2d35ccb72593648184d886188efb12d9ce8f34dd6/pymupdf-1.28.2-cp310-abi3-win_amd64.whl", hash = "sha256:ebd244918798502d7b4504c90410d1711a4d7675a32584ca30f1bab419ecbffe", size = 19826532, upload-time = "2026-08-06T21:39:00.213Z" },
    { url = "https://files.pythonhosted.org/packages/e2/93/08f404a1f0155fe24137cf2d3aabd3e2b4b08c62053ed89c60f2611be3e9/pymupdf-1.28.2-cp310-abi3-win_arm64.whl", hash = "sha256:ffe91a24edc75c80da2a4b62f50fc0f54632d34fc8fe4cbc48e5c7ff07cf8fb4", size = 19759252, upload-time = "2026-08-06T21:39:12.937Z" },
    { url = "https://files.pythonhosted.org/packages/58/8c/d897dcd32a25b58186c968b15ce4324ca029e9d96460de12325314e390be/pymupdf-1.28.2-cp313-abi3-pyemscripten_2025_0_wasm32.whl", hash = "sha256:2e1b574c0fd2cb238021033fd3c0f9c4388816638df064e4bfb56d9d81736dc8", size = 18399403, upload-time = "2026-08-06T21:39:25.008Z" },
    { url = "https://files.pythonhosted.org/packages/f6/f1/de34a1c53fe2bf8c6e71db84b0ced782d408970c9810d2b456a2ae96814c/pymupdf-1.28.2-cp314-cp314t-manylinux_2_28_x86_64.whl", hash = "sha256:fd481ed48bef56305c41fb7e05a055c03345c899c7b101dad086258b438f8168", size = 25802333, upload-time = "2026-08-06T21:39:41.426Z" },
]

[[package]]
name = "shapenote-songbook"
version = "0.1.0"
source = { editable = "." }
dependencies = [
    { name = "pymupdf" },
]

[package.dev-dependencies]
dev = [
    { name = "basedpyright" },
]

[package.metadata]
requires-dist = [{ name = "pymupdf", specifier = ">=1.26.0,<2" }]

[package.metadata.requires-dev]
dev = [{ name = "basedpyright", specifier = ">=1.39.10" }]
